
Microsoft Visual Studio Solution File, Format Version 12.00
# Visual Studio Version 17
VisualStudioVersion = 17.5.33530.505
MinimumVisualStudioVersion = 10.0.40219.1
Project("{FAE04EC0-301F-11D3-BF4B-00C04F79EFBC}") = "UberVVA", "UberVVA.csproj", "{61797041-27AD-42F0-AD95-A926D8FA510A}"
EndProject
Project("{2150E333-8FDC-42A3-9474-1A3956D46DE8}") = "Éléments de solution", "Éléments de solution", "{F70A23A2-538E-4D4B-AEBB-420B2ACB17C5}"
EndProject
Global
	GlobalSection(SolutionConfigurationPlatforms) = preSolution
		Debug|Any CPU = Debug|Any CPU
		Release|Any CPU = Release|Any CPU
	EndGlobalSection
	GlobalSection(ProjectConfigurationPlatforms) = postSolution
		{61797041-27AD-42F0-AD95-A926D8FA510A}.Debug|Any CPU.ActiveCfg = Debug|Any CPU
		{61797041-27AD-42F0-AD95-A926D8FA510A}.Debug|Any CPU.Build.0 = Debug|Any CPU
		{61797041-27AD-42F0-AD95-A926D8FA510A}.Release|Any CPU.ActiveCfg = Release|Any CPU
		{61797041-27AD-42F0-AD95-A926D8FA510A}.Release|Any CPU.Build.0 = Release|Any CPU
	EndGlobalSection
	GlobalSection(SolutionProperties) = preSolution
		HideSolutionNode = FALSE
	EndGlobalSection
	GlobalSection(ExtensibilityGlobals) = postSolution
		SolutionGuid = {526E27CC-CB05-4D97-8B96-2B77B62E228E}
	EndGlobalSection
EndGlobal
